
Microsoft Visual Studio Solution File, Format Version 12.00
# Visual Studio Version 17
VisualStudioVersion = 17.2.32526.322
MinimumVisualStudioVersion = 10.0.40219.1
Project("{FAE04EC0-301F-11D3-BF4B-00C04F79EFBC}") = "Project_PRN211_TEAM7", "Project_PRN211_TEAM7\Project_PRN211_TEAM7.csproj", "{4778C42B-6B81-480D-A461-4D713F58923F}"
EndProject
Global
	GlobalSection(SolutionConfigurationPlatforms) = preSolution
		Debug|Any CPU = Debug|Any CPU
		Release|Any CPU = Release|Any CPU
	EndGlobalSection
	GlobalSection(ProjectConfigurationPlatforms) = postSolution
		{4778C42B-6B81-480D-A461-4D713F58923F}.Debug|Any CPU.ActiveCfg = Debug|Any CPU
		{4778C42B-6B81-480D-A461-4D713F58923F}.Debug|Any CPU.Build.0 = Debug|Any CPU
		{4778C42B-6B81-480D-A461-4D713F58923F}.Release|Any CPU.ActiveCfg = Release|Any CPU
		{4778C42B-6B81-480D-A461-4D713F58923F}.Release|Any CPU.Build.0 = Release|Any CPU
	EndGlobalSection
	GlobalSection(SolutionProperties) = preSolution
		HideSolutionNode = FALSE
	EndGlobalSection
	GlobalSection(ExtensibilityGlobals) = postSolution
		SolutionGuid = {74436BC9-C30D-4B3A-8577-C8F41BED7EFD}
	EndGlobalSection
EndGlobal
