
Microsoft Visual Studio Solution File, Format Version 12.00
# Visual Studio Version 17
VisualStudioVersion = 17.1.32414.318
MinimumVisualStudioVersion = 10.0.40219.1
Project("{FAE04EC0-301F-11D3-BF4B-00C04F79EFBC}") = "Project_PRN211_TEAM7", "Project_PRN211_TEAM7\Project_PRN211_TEAM7.csproj", "{B6459402-DDEE-4593-BAF9-883CD25AB8C2}"
EndProject
Global
	GlobalSection(SolutionConfigurationPlatforms) = preSolution
		Debug|Any CPU = Debug|Any CPU
		Release|Any CPU = Release|Any CPU
	EndGlobalSection
	GlobalSection(ProjectConfigurationPlatforms) = postSolution
		{B6459402-DDEE-4593-BAF9-883CD25AB8C2}.Debug|Any CPU.ActiveCfg = Debug|Any CPU
		{B6459402-DDEE-4593-BAF9-883CD25AB8C2}.Debug|Any CPU.Build.0 = Debug|Any CPU
		{B6459402-DDEE-4593-BAF9-883CD25AB8C2}.Release|Any CPU.ActiveCfg = Release|Any CPU
		{B6459402-DDEE-4593-BAF9-883CD25AB8C2}.Release|Any CPU.Build.0 = Release|Any CPU
	EndGlobalSection
	GlobalSection(SolutionProperties) = preSolution
		HideSolutionNode = FALSE
	EndGlobalSection
	GlobalSection(ExtensibilityGlobals) = postSolution
		SolutionGuid = {092CEBDE-D5F7-4F6E-974D-310B75061028}
	EndGlobalSection
EndGlobal
